
Microsoft Visual Studio Solution File, Format Version 12.00
# Visual Studio 15
VisualStudioVersion = 15.0.28307.271
MinimumVisualStudioVersion = 10.0.40219.1
Project("{9A19103F-16F7-4668-BE54-9A1E7A4F7556}") = "EmployeeReview.API", "EmployeeReview.API\EmployeeReview.API.csproj", "{C7796148-4BBA-49C7-B697-15EFA903C059}"
EndProject
Project("{9A19103F-16F7-4668-BE54-9A1E7A4F7556}") = "EmployeeReview.Domain", "EmployeeReview.Domain\EmployeeReview.Domain.csproj", "{26097D30-5ECF-48EA-BEE8-4CF4AECC2436}"
EndProject
Project("{9A19103F-16F7-4668-BE54-9A1E7A4F7556}") = "EmployeeReview.Infrastructure", "EmployeeReview.Infrastructure\EmployeeReview.Infrastructure.csproj", "{C1DFC153-8304-4752-AB1D-5BDD12B39521}"
EndProject
Project("{FAE04EC0-301F-11D3-BF4B-00C04F79EFBC}") = "EmployeeReview.Domain.Tests", "EmployeeReview.Domain.Tests\EmployeeReview.Domain.Tests.csproj", "{79BB4A7A-C040-4CC2-B041-15538BFCB9AA}"
EndProject
Global
	GlobalSection(SolutionConfigurationPlatforms) = preSolution
		Debug|Any CPU = Debug|Any CPU
		Release|Any CPU = Release|Any CPU
	EndGlobalSection
	GlobalSection(ProjectConfigurationPlatforms) = postSolution
		{C7796148-4BBA-49C7-B697-15EFA903C059}.Debug|Any CPU.ActiveCfg = Debug|Any CPU
		{C7796148-4BBA-49C7-B697-15EFA903C059}.Debug|Any CPU.Build.0 = Debug|Any CPU
		{C7796148-4BBA-49C7-B697-15EFA903C059}.Release|Any CPU.ActiveCfg = Release|Any CPU
		{C7796148-4BBA-49C7-B697-15EFA903C059}.Release|Any CPU.Build.0 = Release|Any CPU
		{26097D30-5ECF-48EA-BEE8-4CF4AECC2436}.Debug|Any CPU.ActiveCfg = Debug|Any CPU
		{26097D30-5ECF-48EA-BEE8-4CF4AECC2436}.Debug|Any CPU.Build.0 = Debug|Any CPU
		{26097D30-5ECF-48EA-BEE8-4CF4AECC2436}.Release|Any CPU.ActiveCfg = Release|Any CPU
		{26097D30-5ECF-48EA-BEE8-4CF4AECC2436}.Release|Any CPU.Build.0 = Release|Any CPU
		{C1DFC153-8304-4752-AB1D-5BDD12B39521}.Debug|Any CPU.ActiveCfg = Debug|Any CPU
		{C1DFC153-8304-4752-AB1D-5BDD12B39521}.Debug|Any CPU.Build.0 = Debug|Any CPU
		{C1DFC153-8304-4752-AB1D-5BDD12B39521}.Release|Any CPU.ActiveCfg = Release|Any CPU
		{C1DFC153-8304-4752-AB1D-5BDD12B39521}.Release|Any CPU.Build.0 = Release|Any CPU
		{79BB4A7A-C040-4CC2-B041-15538BFCB9AA}.Debug|Any CPU.ActiveCfg = Debug|Any CPU
		{79BB4A7A-C040-4CC2-B041-15538BFCB9AA}.Debug|Any CPU.Build.0 = Debug|Any CPU
		{79BB4A7A-C040-4CC2-B041-15538BFCB9AA}.Release|Any CPU.ActiveCfg = Release|Any CPU
		{79BB4A7A-C040-4CC2-B041-15538BFCB9AA}.Release|Any CPU.Build.0 = Release|Any CPU
	EndGlobalSection
	GlobalSection(SolutionProperties) = preSolution
		HideSolutionNode = FALSE
	EndGlobalSection
	GlobalSection(ExtensibilityGlobals) = postSolution
		SolutionGuid = {04E2DBFC-53B7-4204-96DA-9E178EF0DA47}
	EndGlobalSection
EndGlobal
